
Microsoft Visual Studio Solution File, Format Version 12.00
# Visual Studio Version 17
VisualStudioVersion = 17.14.36202.13
MinimumVisualStudioVersion = 10.0.40219.1
Project("{FAE04EC0-301F-11D3-BF4B-00C04F79EFBC}") = "CMS.Mcp.Client.Contracts", "CMS.Mcp.Client.Contracts\CMS.Mcp.Client.Contracts.csproj", "{80AFBE7F-91B7-30DE-3C5E-7BA4CD2AC2DF}"
EndProject
Project("{FAE04EC0-301F-11D3-BF4B-00C04F79EFBC}") = "CMS.Mcp.Shared.Common.Contracts", "CMS.Mcp.Shared.Common.Contracts\CMS.Mcp.Shared.Common.Contracts.csproj", "{67C852AB-050F-3FD3-E713-470D02501554}"
EndProject
Project("{FAE04EC0-301F-11D3-BF4B-00C04F79EFBC}") = "CMS.Mcp.Shared.Common", "CMS.Mcp.Shared.Common\CMS.Mcp.Shared.Common.csproj", "{49F1EADC-C1BB-A5F1-8D6B-47595547ACF0}"
EndProject
Project("{FAE04EC0-301F-11D3-BF4B-00C04F79EFBC}") = "CMS.Mcp.Shared.Api.Clients.Contracts", "CMS.Mcp.Shared.Api.Clients.Contracts\CMS.Mcp.Shared.Api.Clients.Contracts.csproj", "{E6FEE44B-05FA-9A0C-E185-D57039D22194}"
EndProject
Project("{FAE04EC0-301F-11D3-BF4B-00C04F79EFBC}") = "CMS.Mcp.Shared.Api.Clients", "CMS.Mcp.Shared.Api.Clients\CMS.Mcp.Shared.Api.Clients.csproj", "{31DBA9EA-7125-412B-FB7C-E4CF4845036B}"
EndProject
Project("{FAE04EC0-301F-11D3-BF4B-00C04F79EFBC}") = "CMS.Mcp.Client", "CMS.Mcp.Client\CMS.Mcp.Client.csproj", "{306422ED-FB1F-04C8-A25F-F2A49C88C689}"
EndProject
Project("{FAE04EC0-301F-11D3-BF4B-00C04F79EFBC}") = "CMS.Mcp.Client.Host", "CMS.Mcp.Client.Host\CMS.Mcp.Client.Host.csproj", "{D9FF2EF7-D477-1AF4-05E0-898E898886F8}"
EndProject
Project("{FAE04EC0-301F-11D3-BF4B-00C04F79EFBC}") = "CMS.Mcp.Server", "CMS.Mcp.Server\CMS.Mcp.Server.csproj", "{9F821E34-D358-40C4-850B-5C5E948EC9AD}"
EndProject
Project("{FAE04EC0-301F-11D3-BF4B-00C04F79EFBC}") = "CMS.Mcp.Server.Contracts", "CMS.Mcp.Server.Contracts\CMS.Mcp.Server.Contracts.csproj", "{7CEE301E-4E8E-423F-BCCF-A463F3A167B3}"
EndProject
Project("{FAE04EC0-301F-11D3-BF4B-00C04F79EFBC}") = "CMS.Mcp.Client.Security", "CMS.Mcp.Client.Security\CMS.Mcp.Client.Security.csproj", "{85E42796-B3A3-C436-DB1A-3A371BAC118B}"
EndProject
Project("{FAE04EC0-301F-11D3-BF4B-00C04F79EFBC}") = "CMS.Mcp.Client.Security.Contracts", "CMS.Mcp.Client.Security.Contracts\CMS.Mcp.Client.Security.Contracts.csproj", "{636C0DA9-4A3B-DAFF-F0FA-A648F2C440B4}"
EndProject
Global
	GlobalSection(SolutionConfigurationPlatforms) = preSolution
		Debug|Any CPU = Debug|Any CPU
		Debug|x64 = Debug|x64
		Debug|x86 = Debug|x86
		Release|Any CPU = Release|Any CPU
		Release|x64 = Release|x64
		Release|x86 = Release|x86
	EndGlobalSection
	GlobalSection(ProjectConfigurationPlatforms) = postSolution
		{80AFBE7F-91B7-30DE-3C5E-7BA4CD2AC2DF}.Debug|Any CPU.ActiveCfg = Debug|Any CPU
		{80AFBE7F-91B7-30DE-3C5E-7BA4CD2AC2DF}.Debug|Any CPU.Build.0 = Debug|Any CPU
		{80AFBE7F-91B7-30DE-3C5E-7BA4CD2AC2DF}.Debug|x64.ActiveCfg = Debug|Any CPU
		{80AFBE7F-91B7-30DE-3C5E-7BA4CD2AC2DF}.Debug|x64.Build.0 = Debug|Any CPU
		{80AFBE7F-91B7-30DE-3C5E-7BA4CD2AC2DF}.Debug|x86.ActiveCfg = Debug|Any CPU
		{80AFBE7F-91B7-30DE-3C5E-7BA4CD2AC2DF}.Debug|x86.Build.0 = Debug|Any CPU
		{80AFBE7F-91B7-30DE-3C5E-7BA4CD2AC2DF}.Release|Any CPU.ActiveCfg = Release|Any CPU
		{80AFBE7F-91B7-30DE-3C5E-7BA4CD2AC2DF}.Release|Any CPU.Build.0 = Release|Any CPU
		{80AFBE7F-91B7-30DE-3C5E-7BA4CD2AC2DF}.Release|x64.ActiveCfg = Release|Any CPU
		{80AFBE7F-91B7-30DE-3C5E-7BA4CD2AC2DF}.Release|x64.Build.0 = Release|Any CPU
		{80AFBE7F-91B7-30DE-3C5E-7BA4CD2AC2DF}.Release|x86.ActiveCfg = Release|Any CPU
		{80AFBE7F-91B7-30DE-3C5E-7BA4CD2AC2DF}.Release|x86.Build.0 = Release|Any CPU
		{67C852AB-050F-3FD3-E713-470D02501554}.Debug|Any CPU.ActiveCfg = Debug|Any CPU
		{67C852AB-050F-3FD3-E713-470D02501554}.Debug|Any CPU.Build.0 = Debug|Any CPU
		{67C852AB-050F-3FD3-E713-470D02501554}.Debug|x64.ActiveCfg = Debug|Any CPU
		{67C852AB-050F-3FD3-E713-470D02501554}.Debug|x64.Build.0 = Debug|Any CPU
		{67C852AB-050F-3FD3-E713-470D02501554}.Debug|x86.ActiveCfg = Debug|Any CPU
		{67C852AB-050F-3FD3-E713-470D02501554}.Debug|x86.Build.0 = Debug|Any CPU
		{67C852AB-050F-3FD3-E713-470D02501554}.Release|Any CPU.ActiveCfg = Release|Any CPU
		{67C852AB-050F-3FD3-E713-470D02501554}.Release|Any CPU.Build.0 = Release|Any CPU
		{67C852AB-050F-3FD3-E713-470D02501554}.Release|x64.ActiveCfg = Release|Any CPU
		{67C852AB-050F-3FD3-E713-470D02501554}.Release|x64.Build.0 = Release|Any CPU
		{67C852AB-050F-3FD3-E713-470D02501554}.Release|x86.ActiveCfg = Release|Any CPU
		{67C852AB-050F-3FD3-E713-470D02501554}.Release|x86.Build.0 = Release|Any CPU
		{49F1EADC-C1BB-A5F1-8D6B-47595547ACF0}.Debug|Any CPU.ActiveCfg = Debug|Any CPU
		{49F1EADC-C1BB-A5F1-8D6B-47595547ACF0}.Debug|Any CPU.Build.0 = Debug|Any CPU
		{49F1EADC-C1BB-A5F1-8D6B-47595547ACF0}.Debug|x64.ActiveCfg = Debug|Any CPU
		{49F1EADC-C1BB-A5F1-8D6B-47595547ACF0}.Debug|x64.Build.0 = Debug|Any CPU
		{49F1EADC-C1BB-A5F1-8D6B-47595547ACF0}.Debug|x86.ActiveCfg = Debug|Any CPU
		{49F1EADC-C1BB-A5F1-8D6B-47595547ACF0}.Debug|x86.Build.0 = Debug|Any CPU
		{49F1EADC-C1BB-A5F1-8D6B-47595547ACF0}.Release|Any CPU.ActiveCfg = Release|Any CPU
		{49F1EADC-C1BB-A5F1-8D6B-47595547ACF0}.Release|Any CPU.Build.0 = Release|Any CPU
		{49F1EADC-C1BB-A5F1-8D6B-47595547ACF0}.Release|x64.ActiveCfg = Release|Any CPU
		{49F1EADC-C1BB-A5F1-8D6B-47595547ACF0}.Release|x64.Build.0 = Release|Any CPU
		{49F1EADC-C1BB-A5F1-8D6B-47595547ACF0}.Release|x86.ActiveCfg = Release|Any CPU
		{49F1EADC-C1BB-A5F1-8D6B-47595547ACF0}.Release|x86.Build.0 = Release|Any CPU
		{E6FEE44B-05FA-9A0C-E185-D57039D22194}.Debug|Any CPU.ActiveCfg = Debug|Any CPU
		{E6FEE44B-05FA-9A0C-E185-D57039D22194}.Debug|Any CPU.Build.0 = Debug|Any CPU
		{E6FEE44B-05FA-9A0C-E185-D57039D22194}.Debug|x64.ActiveCfg = Debug|Any CPU
		{E6FEE44B-05FA-9A0C-E185-D57039D22194}.Debug|x64.Build.0 = Debug|Any CPU
		{E6FEE44B-05FA-9A0C-E185-D57039D22194}.Debug|x86.ActiveCfg = Debug|Any CPU
		{E6FEE44B-05FA-9A0C-E185-D57039D22194}.Debug|x86.Build.0 = Debug|Any CPU
		{E6FEE44B-05FA-9A0C-E185-D57039D22194}.Release|Any CPU.ActiveCfg = Release|Any CPU
		{E6FEE44B-05FA-9A0C-E185-D57039D22194}.Release|Any CPU.Build.0 = Release|Any CPU
		{E6FEE44B-05FA-9A0C-E185-D57039D22194}.Release|x64.ActiveCfg = Release|Any CPU
		{E6FEE44B-05FA-9A0C-E185-D57039D22194}.Release|x64.Build.0 = Release|Any CPU
		{E6FEE44B-05FA-9A0C-E185-D57039D22194}.Release|x86.ActiveCfg = Release|Any CPU
		{E6FEE44B-05FA-9A0C-E185-D57039D22194}.Release|x86.Build.0 = Release|Any CPU
		{31DBA9EA-7125-412B-FB7C-E4CF4845036B}.Debug|Any CPU.ActiveCfg = Debug|Any CPU
		{31DBA9EA-7125-412B-FB7C-E4CF4845036B}.Debug|Any CPU.Build.0 = Debug|Any CPU
		{31DBA9EA-7125-412B-FB7C-E4CF4845036B}.Debug|x64.ActiveCfg = Debug|Any CPU
		{31DBA9EA-7125-412B-FB7C-E4CF4845036B}.Debug|x64.Build.0 = Debug|Any CPU
		{31DBA9EA-7125-412B-FB7C-E4CF4845036B}.Debug|x86.ActiveCfg = Debug|Any CPU
		{31DBA9EA-7125-412B-FB7C-E4CF4845036B}.Debug|x86.Build.0 = Debug|Any CPU
		{31DBA9EA-7125-412B-FB7C-E4CF4845036B}.Release|Any CPU.ActiveCfg = Release|Any CPU
		{31DBA9EA-7125-412B-FB7C-E4CF4845036B}.Release|Any CPU.Build.0 = Release|Any CPU
		{31DBA9EA-7125-412B-FB7C-E4CF4845036B}.Release|x64.ActiveCfg = Release|Any CPU
		{31DBA9EA-7125-412B-FB7C-E4CF4845036B}.Release|x64.Build.0 = Release|Any CPU
		{31DBA9EA-7125-412B-FB7C-E4CF4845036B}.Release|x86.ActiveCfg = Release|Any CPU
		{31DBA9EA-7125-412B-FB7C-E4CF4845036B}.Release|x86.Build.0 = Release|Any CPU
		{306422ED-FB1F-04C8-A25F-F2A49C88C689}.Debug|Any CPU.ActiveCfg = Debug|Any CPU
		{306422ED-FB1F-04C8-A25F-F2A49C88C689}.Debug|Any CPU.Build.0 = Debug|Any CPU
		{306422ED-FB1F-04C8-A25F-F2A49C88C689}.Debug|x64.ActiveCfg = Debug|Any CPU
		{306422ED-FB1F-04C8-A25F-F2A49C88C689}.Debug|x64.Build.0 = Debug|Any CPU
		{306422ED-FB1F-04C8-A25F-F2A49C88C689}.Debug|x86.ActiveCfg = Debug|Any CPU
		{306422ED-FB1F-04C8-A25F-F2A49C88C689}.Debug|x86.Build.0 = Debug|Any CPU
		{306422ED-FB1F-04C8-A25F-F2A49C88C689}.Release|Any CPU.ActiveCfg = Release|Any CPU
		{306422ED-FB1F-04C8-A25F-F2A49C88C689}.Release|Any CPU.Build.0 = Release|Any CPU
		{306422ED-FB1F-04C8-A25F-F2A49C88C689}.Release|x64.ActiveCfg = Release|Any CPU
		{306422ED-FB1F-04C8-A25F-F2A49C88C689}.Release|x64.Build.0 = Release|Any CPU
		{306422ED-FB1F-04C8-A25F-F2A49C88C689}.Release|x86.ActiveCfg = Release|Any CPU
		{306422ED-FB1F-04C8-A25F-F2A49C88C689}.Release|x86.Build.0 = Release|Any CPU
		{D9FF2EF7-D477-1AF4-05E0-898E898886F8}.Debug|Any CPU.ActiveCfg = Debug|Any CPU
		{D9FF2EF7-D477-1AF4-05E0-898E898886F8}.Debug|Any CPU.Build.0 = Debug|Any CPU
		{D9FF2EF7-D477-1AF4-05E0-898E898886F8}.Debug|x64.ActiveCfg = Debug|Any CPU
		{D9FF2EF7-D477-1AF4-05E0-898E898886F8}.Debug|x64.Build.0 = Debug|Any CPU
		{D9FF2EF7-D477-1AF4-05E0-898E898886F8}.Debug|x86.ActiveCfg = Debug|Any CPU
		{D9FF2EF7-D477-1AF4-05E0-898E898886F8}.Debug|x86.Build.0 = Debug|Any CPU
		{D9FF2EF7-D477-1AF4-05E0-898E898886F8}.Release|Any CPU.ActiveCfg = Release|Any CPU
		{D9FF2EF7-D477-1AF4-05E0-898E898886F8}.Release|Any CPU.Build.0 = Release|Any CPU
		{D9FF2EF7-D477-1AF4-05E0-898E898886F8}.Release|x64.ActiveCfg = Release|Any CPU
		{D9FF2EF7-D477-1AF4-05E0-898E898886F8}.Release|x64.Build.0 = Release|Any CPU
		{D9FF2EF7-D477-1AF4-05E0-898E898886F8}.Release|x86.ActiveCfg = Release|Any CPU
		{D9FF2EF7-D477-1AF4-05E0-898E898886F8}.Release|x86.Build.0 = Release|Any CPU
		{9F821E34-D358-40C4-850B-5C5E948EC9AD}.Debug|Any CPU.ActiveCfg = Debug|Any CPU
		{9F821E34-D358-40C4-850B-5C5E948EC9AD}.Debug|Any CPU.Build.0 = Debug|Any CPU
		{9F821E34-D358-40C4-850B-5C5E948EC9AD}.Debug|x64.ActiveCfg = Debug|Any CPU
		{9F821E34-D358-40C4-850B-5C5E948EC9AD}.Debug|x64.Build.0 = Debug|Any CPU
		{9F821E34-D358-40C4-850B-5C5E948EC9AD}.Debug|x86.ActiveCfg = Debug|Any CPU
		{9F821E34-D358-40C4-850B-5C5E948EC9AD}.Debug|x86.Build.0 = Debug|Any CPU
		{9F821E34-D358-40C4-850B-5C5E948EC9AD}.Release|Any CPU.ActiveCfg = Release|Any CPU
		{9F821E34-D358-40C4-850B-5C5E948EC9AD}.Release|Any CPU.Build.0 = Release|Any CPU
		{9F821E34-D358-40C4-850B-5C5E948EC9AD}.Release|x64.ActiveCfg = Release|Any CPU
		{9F821E34-D358-40C4-850B-5C5E948EC9AD}.Release|x64.Build.0 = Release|Any CPU
		{9F821E34-D358-40C4-850B-5C5E948EC9AD}.Release|x86.ActiveCfg = Release|Any CPU
		{9F821E34-D358-40C4-850B-5C5E948EC9AD}.Release|x86.Build.0 = Release|Any CPU
		{7CEE301E-4E8E-423F-BCCF-A463F3A167B3}.Debug|Any CPU.ActiveCfg = Debug|Any CPU
		{7CEE301E-4E8E-423F-BCCF-A463F3A167B3}.Debug|Any CPU.Build.0 = Debug|Any CPU
		{7CEE301E-4E8E-423F-BCCF-A463F3A167B3}.Debug|x64.ActiveCfg = Debug|Any CPU
		{7CEE301E-4E8E-423F-BCCF-A463F3A167B3}.Debug|x64.Build.0 = Debug|Any CPU
		{7CEE301E-4E8E-423F-BCCF-A463F3A167B3}.Debug|x86.ActiveCfg = Debug|Any CPU
		{7CEE301E-4E8E-423F-BCCF-A463F3A167B3}.Debug|x86.Build.0 = Debug|Any CPU
		{7CEE301E-4E8E-423F-BCCF-A463F3A167B3}.Release|Any CPU.ActiveCfg = Release|Any CPU
		{7CEE301E-4E8E-423F-BCCF-A463F3A167B3}.Release|Any CPU.Build.0 = Release|Any CPU
		{7CEE301E-4E8E-423F-BCCF-A463F3A167B3}.Release|x64.ActiveCfg = Release|Any CPU
		{7CEE301E-4E8E-423F-BCCF-A463F3A167B3}.Release|x64.Build.0 = Release|Any CPU
		{7CEE301E-4E8E-423F-BCCF-A463F3A167B3}.Release|x86.ActiveCfg = Release|Any CPU
		{7CEE301E-4E8E-423F-BCCF-A463F3A167B3}.Release|x86.Build.0 = Release|Any CPU
		{85E42796-B3A3-C436-DB1A-3A371BAC118B}.Debug|Any CPU.ActiveCfg = Debug|Any CPU
		{85E42796-B3A3-C436-DB1A-3A371BAC118B}.Debug|Any CPU.Build.0 = Debug|Any CPU
		{85E42796-B3A3-C436-DB1A-3A371BAC118B}.Debug|x64.ActiveCfg = Debug|Any CPU
		{85E42796-B3A3-C436-DB1A-3A371BAC118B}.Debug|x64.Build.0 = Debug|Any CPU
		{85E42796-B3A3-C436-DB1A-3A371BAC118B}.Debug|x86.ActiveCfg = Debug|Any CPU
		{85E42796-B3A3-C436-DB1A-3A371BAC118B}.Debug|x86.Build.0 = Debug|Any CPU
		{85E42796-B3A3-C436-DB1A-3A371BAC118B}.Release|Any CPU.ActiveCfg = Release|Any CPU
		{85E42796-B3A3-C436-DB1A-3A371BAC118B}.Release|Any CPU.Build.0 = Release|Any CPU
		{85E42796-B3A3-C436-DB1A-3A371BAC118B}.Release|x64.ActiveCfg = Release|Any CPU
		{85E42796-B3A3-C436-DB1A-3A371BAC118B}.Release|x64.Build.0 = Release|Any CPU
		{85E42796-B3A3-C436-DB1A-3A371BAC118B}.Release|x86.ActiveCfg = Release|Any CPU
		{85E42796-B3A3-C436-DB1A-3A371BAC118B}.Release|x86.Build.0 = Release|Any CPU
		{636C0DA9-4A3B-DAFF-F0FA-A648F2C440B4}.Debug|Any CPU.ActiveCfg = Debug|Any CPU
		{636C0DA9-4A3B-DAFF-F0FA-A648F2C440B4}.Debug|Any CPU.Build.0 = Debug|Any CPU
		{636C0DA9-4A3B-DAFF-F0FA-A648F2C440B4}.Debug|x64.ActiveCfg = Debug|Any CPU
		{636C0DA9-4A3B-DAFF-F0FA-A648F2C440B4}.Debug|x64.Build.0 = Debug|Any CPU
		{636C0DA9-4A3B-DAFF-F0FA-A648F2C440B4}.Debug|x86.ActiveCfg = Debug|Any CPU
		{636C0DA9-4A3B-DAFF-F0FA-A648F2C440B4}.Debug|x86.Build.0 = Debug|Any CPU
		{636C0DA9-4A3B-DAFF-F0FA-A648F2C440B4}.Release|Any CPU.ActiveCfg = Release|Any CPU
		{636C0DA9-4A3B-DAFF-F0FA-A648F2C440B4}.Release|Any CPU.Build.0 = Release|Any CPU
		{636C0DA9-4A3B-DAFF-F0FA-A648F2C440B4}.Release|x64.ActiveCfg = Release|Any CPU
		{636C0DA9-4A3B-DAFF-F0FA-A648F2C440B4}.Release|x64.Build.0 = Release|Any CPU
		{636C0DA9-4A3B-DAFF-F0FA-A648F2C440B4}.Release|x86.ActiveCfg = Release|Any CPU
		{636C0DA9-4A3B-DAFF-F0FA-A648F2C440B4}.Release|x86.Build.0 = Release|Any CPU
	EndGlobalSection
	GlobalSection(SolutionProperties) = preSolution
		HideSolutionNode = FALSE
	EndGlobalSection
	GlobalSection(ExtensibilityGlobals) = postSolution
		SolutionGuid = {510D26C2-3DB3-4BD0-A2B6-52EAFF5B1EB0}
	EndGlobalSection
EndGlobal
